
Microsoft Visual Studio Solution File, Format Version 9.00
# Visual Studio 2005
Project("{8BC9CEB8-8B4A-11D0-8D11-00A0C91BC942}") = "wput_file_wtext_ccs_cstdio", "wput_file_wtext_ccs_cstdio\wput_file_wtext_ccs_cstdio.vcproj", "{AF5120F2-9378-434C-8D28-225DC480EAD6}"
EndProject
Global
	GlobalSection(SolutionConfigurationPlatforms) = preSolution
		Debug|Win32 = Debug|Win32
		Release|Win32 = Release|Win32
	EndGlobalSection
	GlobalSection(ProjectConfigurationPlatforms) = postSolution
		{AF5120F2-9378-434C-8D28-225DC480EAD6}.Debug|Win32.ActiveCfg = Debug|Win32
		{AF5120F2-9378-434C-8D28-225DC480EAD6}.Debug|Win32.Build.0 = Debug|Win32
		{AF5120F2-9378-434C-8D28-225DC480EAD6}.Release|Win32.ActiveCfg = Release|Win32
		{AF5120F2-9378-434C-8D28-225DC480EAD6}.Release|Win32.Build.0 = Release|Win32
	EndGlobalSection
	GlobalSection(SolutionProperties) = preSolution
		HideSolutionNode = FALSE
	EndGlobalSection
EndGlobal
