
Microsoft Visual Studio Solution File, Format Version 12.00
# Visual Studio Version 16
VisualStudioVersion = 16.0.32126.315
MinimumVisualStudioVersion = 10.0.40219.1
Project("{8BC9CEB8-8B4A-11D0-8D11-00A0C91BC942}") = "CMenu", "CMenu\CMenu.vcxproj", "{5555284B-712F-4767-B2FD-55D61BAA6A58}"
EndProject
Global
	GlobalSection(SolutionConfigurationPlatforms) = preSolution
		Debug|x64 = Debug|x64
		Debug|x86 = Debug|x86
		Release|x64 = Release|x64
		Release|x86 = Release|x86
	EndGlobalSection
	GlobalSection(ProjectConfigurationPlatforms) = postSolution
		{5555284B-712F-4767-B2FD-55D61BAA6A58}.Debug|x64.ActiveCfg = Debug|x64
		{5555284B-712F-4767-B2FD-55D61BAA6A58}.Debug|x64.Build.0 = Debug|x64
		{5555284B-712F-4767-B2FD-55D61BAA6A58}.Debug|x86.ActiveCfg = Debug|Win32
		{5555284B-712F-4767-B2FD-55D61BAA6A58}.Debug|x86.Build.0 = Debug|Win32
		{5555284B-712F-4767-B2FD-55D61BAA6A58}.Release|x64.ActiveCfg = Release|x64
		{5555284B-712F-4767-B2FD-55D61BAA6A58}.Release|x64.Build.0 = Release|x64
		{5555284B-712F-4767-B2FD-55D61BAA6A58}.Release|x86.ActiveCfg = Release|Win32
		{5555284B-712F-4767-B2FD-55D61BAA6A58}.Release|x86.Build.0 = Release|Win32
	EndGlobalSection
	GlobalSection(SolutionProperties) = preSolution
		HideSolutionNode = FALSE
	EndGlobalSection
	GlobalSection(ExtensibilityGlobals) = postSolution
		SolutionGuid = {C08AEE33-2B23-47CF-B434-33AF2A6AFAEE}
	EndGlobalSection
EndGlobal
