
Microsoft Visual Studio Solution File, Format Version 9.00
# Visual Studio 2005
Project("{8BC9CEB8-8B4A-11D0-8D11-00A0C91BC942}") = "r_w_f_b_w_b_u_c", "r_w_f_b_w_b_u_c\r_w_f_b_w_b_u_c.vcproj", "{7BE5D308-C582-4C0F-B2E0-71AA148AD928}"
EndProject
Global
	GlobalSection(SolutionConfigurationPlatforms) = preSolution
		Debug|Win32 = Debug|Win32
		Release|Win32 = Release|Win32
	EndGlobalSection
	GlobalSection(ProjectConfigurationPlatforms) = postSolution
		{7BE5D308-C582-4C0F-B2E0-71AA148AD928}.Debug|Win32.ActiveCfg = Debug|Win32
		{7BE5D308-C582-4C0F-B2E0-71AA148AD928}.Debug|Win32.Build.0 = Debug|Win32
		{7BE5D308-C582-4C0F-B2E0-71AA148AD928}.Release|Win32.ActiveCfg = Release|Win32
		{7BE5D308-C582-4C0F-B2E0-71AA148AD928}.Release|Win32.Build.0 = Release|Win32
	EndGlobalSection
	GlobalSection(SolutionProperties) = preSolution
		HideSolutionNode = FALSE
	EndGlobalSection
EndGlobal
