
Microsoft Visual Studio Solution File, Format Version 9.00
# Visual Studio 2005
Project("{8BC9CEB8-8B4A-11D0-8D11-00A0C91BC942}") = "CButtonCore", "CButtonCore\CButtonCore.vcproj", "{E0D4EF88-01C0-4BBC-9224-80D1B9DF51FC}"
EndProject
Global
	GlobalSection(SolutionConfigurationPlatforms) = preSolution
		Debug|Win32 = Debug|Win32
		Release|Win32 = Release|Win32
	EndGlobalSection
	GlobalSection(ProjectConfigurationPlatforms) = postSolution
		{E0D4EF88-01C0-4BBC-9224-80D1B9DF51FC}.Debug|Win32.ActiveCfg = Debug|Win32
		{E0D4EF88-01C0-4BBC-9224-80D1B9DF51FC}.Debug|Win32.Build.0 = Debug|Win32
		{E0D4EF88-01C0-4BBC-9224-80D1B9DF51FC}.Release|Win32.ActiveCfg = Release|Win32
		{E0D4EF88-01C0-4BBC-9224-80D1B9DF51FC}.Release|Win32.Build.0 = Release|Win32
	EndGlobalSection
	GlobalSection(SolutionProperties) = preSolution
		HideSolutionNode = FALSE
	EndGlobalSection
EndGlobal
