
Microsoft Visual Studio Solution File, Format Version 12.00
# Visual Studio Version 16
VisualStudioVersion = 16.0.32126.315
MinimumVisualStudioVersion = 10.0.40219.1
Project("{8BC9CEB8-8B4A-11D0-8D11-00A0C91BC942}") = "CComboBox", "CComboBox\CComboBox.vcxproj", "{E2194D16-077A-4647-9582-B0B1870F6923}"
EndProject
Global
	GlobalSection(SolutionConfigurationPlatforms) = preSolution
		Debug|x64 = Debug|x64
		Debug|x86 = Debug|x86
		Release|x64 = Release|x64
		Release|x86 = Release|x86
	EndGlobalSection
	GlobalSection(ProjectConfigurationPlatforms) = postSolution
		{E2194D16-077A-4647-9582-B0B1870F6923}.Debug|x64.ActiveCfg = Debug|x64
		{E2194D16-077A-4647-9582-B0B1870F6923}.Debug|x64.Build.0 = Debug|x64
		{E2194D16-077A-4647-9582-B0B1870F6923}.Debug|x86.ActiveCfg = Debug|Win32
		{E2194D16-077A-4647-9582-B0B1870F6923}.Debug|x86.Build.0 = Debug|Win32
		{E2194D16-077A-4647-9582-B0B1870F6923}.Release|x64.ActiveCfg = Release|x64
		{E2194D16-077A-4647-9582-B0B1870F6923}.Release|x64.Build.0 = Release|x64
		{E2194D16-077A-4647-9582-B0B1870F6923}.Release|x86.ActiveCfg = Release|Win32
		{E2194D16-077A-4647-9582-B0B1870F6923}.Release|x86.Build.0 = Release|Win32
	EndGlobalSection
	GlobalSection(SolutionProperties) = preSolution
		HideSolutionNode = FALSE
	EndGlobalSection
	GlobalSection(ExtensibilityGlobals) = postSolution
		SolutionGuid = {AF16F9EA-7190-4544-9881-043386E2E6A8}
	EndGlobalSection
EndGlobal
