
Microsoft Visual Studio Solution File, Format Version 9.00
# Visual Studio 2005
Project("{8BC9CEB8-8B4A-11D0-8D11-00A0C91BC942}") = "replace_wbyte_all", "replace_wbyte_all\replace_wbyte_all.vcproj", "{36872B8D-4BCD-44DC-8D61-98B958F87881}"
EndProject
Global
	GlobalSection(SolutionConfigurationPlatforms) = preSolution
		Debug|Win32 = Debug|Win32
		Release|Win32 = Release|Win32
	EndGlobalSection
	GlobalSection(ProjectConfigurationPlatforms) = postSolution
		{36872B8D-4BCD-44DC-8D61-98B958F87881}.Debug|Win32.ActiveCfg = Debug|Win32
		{36872B8D-4BCD-44DC-8D61-98B958F87881}.Debug|Win32.Build.0 = Debug|Win32
		{36872B8D-4BCD-44DC-8D61-98B958F87881}.Release|Win32.ActiveCfg = Release|Win32
		{36872B8D-4BCD-44DC-8D61-98B958F87881}.Release|Win32.Build.0 = Release|Win32
	EndGlobalSection
	GlobalSection(SolutionProperties) = preSolution
		HideSolutionNode = FALSE
	EndGlobalSection
EndGlobal
