
Microsoft Visual Studio Solution File, Format Version 12.00
# Visual Studio Version 16
VisualStudioVersion = 16.0.32126.315
MinimumVisualStudioVersion = 10.0.40219.1
Project("{8BC9CEB8-8B4A-11D0-8D11-00A0C91BC942}") = "write_file_text_cstdio", "write_file_text_cstdio\write_file_text_cstdio.vcxproj", "{FA04D25F-301D-46A2-A70C-2BE6C54E8841}"
EndProject
Global
	GlobalSection(SolutionConfigurationPlatforms) = preSolution
		Debug|x64 = Debug|x64
		Debug|x86 = Debug|x86
		Release|x64 = Release|x64
		Release|x86 = Release|x86
	EndGlobalSection
	GlobalSection(ProjectConfigurationPlatforms) = postSolution
		{FA04D25F-301D-46A2-A70C-2BE6C54E8841}.Debug|x64.ActiveCfg = Debug|x64
		{FA04D25F-301D-46A2-A70C-2BE6C54E8841}.Debug|x64.Build.0 = Debug|x64
		{FA04D25F-301D-46A2-A70C-2BE6C54E8841}.Debug|x86.ActiveCfg = Debug|Win32
		{FA04D25F-301D-46A2-A70C-2BE6C54E8841}.Debug|x86.Build.0 = Debug|Win32
		{FA04D25F-301D-46A2-A70C-2BE6C54E8841}.Release|x64.ActiveCfg = Release|x64
		{FA04D25F-301D-46A2-A70C-2BE6C54E8841}.Release|x64.Build.0 = Release|x64
		{FA04D25F-301D-46A2-A70C-2BE6C54E8841}.Release|x86.ActiveCfg = Release|Win32
		{FA04D25F-301D-46A2-A70C-2BE6C54E8841}.Release|x86.Build.0 = Release|Win32
	EndGlobalSection
	GlobalSection(SolutionProperties) = preSolution
		HideSolutionNode = FALSE
	EndGlobalSection
	GlobalSection(ExtensibilityGlobals) = postSolution
		SolutionGuid = {5B854E7A-3699-4115-AB7F-BB03A6FEA321}
	EndGlobalSection
EndGlobal
