
Microsoft Visual Studio Solution File, Format Version 9.00
# Visual Studio 2005
Project("{8BC9CEB8-8B4A-11D0-8D11-00A0C91BC942}") = "CMultiViewItemsPanel", "CMultiViewItemsPanel\CMultiViewItemsPanel.vcproj", "{E0D3A730-A4DE-4FFA-8056-0D18BD26122F}"
EndProject
Global
	GlobalSection(SolutionConfigurationPlatforms) = preSolution
		Debug|Win32 = Debug|Win32
		Release|Win32 = Release|Win32
	EndGlobalSection
	GlobalSection(ProjectConfigurationPlatforms) = postSolution
		{E0D3A730-A4DE-4FFA-8056-0D18BD26122F}.Debug|Win32.ActiveCfg = Debug|Win32
		{E0D3A730-A4DE-4FFA-8056-0D18BD26122F}.Debug|Win32.Build.0 = Debug|Win32
		{E0D3A730-A4DE-4FFA-8056-0D18BD26122F}.Release|Win32.ActiveCfg = Release|Win32
		{E0D3A730-A4DE-4FFA-8056-0D18BD26122F}.Release|Win32.Build.0 = Release|Win32
	EndGlobalSection
	GlobalSection(SolutionProperties) = preSolution
		HideSolutionNode = FALSE
	EndGlobalSection
EndGlobal
