
Microsoft Visual Studio Solution File, Format Version 9.00
# Visual Studio 2005
Project("{8BC9CEB8-8B4A-11D0-8D11-00A0C91BC942}") = "CApplication", "CApplication\CApplication.vcproj", "{BFB3BF5D-9E11-4D63-ACEF-CD02BD2E4FB5}"
EndProject
Global
	GlobalSection(SolutionConfigurationPlatforms) = preSolution
		Debug|Win32 = Debug|Win32
		Release|Win32 = Release|Win32
	EndGlobalSection
	GlobalSection(ProjectConfigurationPlatforms) = postSolution
		{BFB3BF5D-9E11-4D63-ACEF-CD02BD2E4FB5}.Debug|Win32.ActiveCfg = Debug|Win32
		{BFB3BF5D-9E11-4D63-ACEF-CD02BD2E4FB5}.Debug|Win32.Build.0 = Debug|Win32
		{BFB3BF5D-9E11-4D63-ACEF-CD02BD2E4FB5}.Release|Win32.ActiveCfg = Release|Win32
		{BFB3BF5D-9E11-4D63-ACEF-CD02BD2E4FB5}.Release|Win32.Build.0 = Release|Win32
	EndGlobalSection
	GlobalSection(SolutionProperties) = preSolution
		HideSolutionNode = FALSE
	EndGlobalSection
EndGlobal
