
Microsoft Visual Studio Solution File, Format Version 12.00
# Visual Studio Version 16
VisualStudioVersion = 16.0.32126.315
MinimumVisualStudioVersion = 10.0.40219.1
Project("{8BC9CEB8-8B4A-11D0-8D11-00A0C91BC942}") = "write_file_bom_utf16be", "write_file_bom_utf16be\write_file_bom_utf16be.vcxproj", "{62176734-1359-40D9-84FC-52F2A2DE9833}"
EndProject
Global
	GlobalSection(SolutionConfigurationPlatforms) = preSolution
		Debug|x64 = Debug|x64
		Debug|x86 = Debug|x86
		Release|x64 = Release|x64
		Release|x86 = Release|x86
	EndGlobalSection
	GlobalSection(ProjectConfigurationPlatforms) = postSolution
		{62176734-1359-40D9-84FC-52F2A2DE9833}.Debug|x64.ActiveCfg = Debug|x64
		{62176734-1359-40D9-84FC-52F2A2DE9833}.Debug|x64.Build.0 = Debug|x64
		{62176734-1359-40D9-84FC-52F2A2DE9833}.Debug|x86.ActiveCfg = Debug|Win32
		{62176734-1359-40D9-84FC-52F2A2DE9833}.Debug|x86.Build.0 = Debug|Win32
		{62176734-1359-40D9-84FC-52F2A2DE9833}.Release|x64.ActiveCfg = Release|x64
		{62176734-1359-40D9-84FC-52F2A2DE9833}.Release|x64.Build.0 = Release|x64
		{62176734-1359-40D9-84FC-52F2A2DE9833}.Release|x86.ActiveCfg = Release|Win32
		{62176734-1359-40D9-84FC-52F2A2DE9833}.Release|x86.Build.0 = Release|Win32
	EndGlobalSection
	GlobalSection(SolutionProperties) = preSolution
		HideSolutionNode = FALSE
	EndGlobalSection
	GlobalSection(ExtensibilityGlobals) = postSolution
		SolutionGuid = {DF1E4EB7-FF9D-4D44-8EDB-A59AA7DA07D2}
	EndGlobalSection
EndGlobal
