
Microsoft Visual Studio Solution File, Format Version 9.00
# Visual Studio 2005
Project("{8BC9CEB8-8B4A-11D0-8D11-00A0C91BC942}") = "is_file_bom_utf16le", "is_file_bom_utf16le\is_file_bom_utf16le.vcproj", "{5AE8989A-FE1D-46FD-97A8-398D96050EFE}"
EndProject
Global
	GlobalSection(SolutionConfigurationPlatforms) = preSolution
		Debug|Win32 = Debug|Win32
		Release|Win32 = Release|Win32
	EndGlobalSection
	GlobalSection(ProjectConfigurationPlatforms) = postSolution
		{5AE8989A-FE1D-46FD-97A8-398D96050EFE}.Debug|Win32.ActiveCfg = Debug|Win32
		{5AE8989A-FE1D-46FD-97A8-398D96050EFE}.Debug|Win32.Build.0 = Debug|Win32
		{5AE8989A-FE1D-46FD-97A8-398D96050EFE}.Release|Win32.ActiveCfg = Release|Win32
		{5AE8989A-FE1D-46FD-97A8-398D96050EFE}.Release|Win32.Build.0 = Release|Win32
	EndGlobalSection
	GlobalSection(SolutionProperties) = preSolution
		HideSolutionNode = FALSE
	EndGlobalSection
EndGlobal
