
Microsoft Visual Studio Solution File, Format Version 9.00
# Visual Studio 2005
Project("{8BC9CEB8-8B4A-11D0-8D11-00A0C91BC942}") = "CCustomControl", "CCustomControl\CCustomControl.vcproj", "{66FB3A11-B635-4B02-9829-F93F52B8BA8C}"
EndProject
Global
	GlobalSection(SolutionConfigurationPlatforms) = preSolution
		Debug|Win32 = Debug|Win32
		Release|Win32 = Release|Win32
	EndGlobalSection
	GlobalSection(ProjectConfigurationPlatforms) = postSolution
		{66FB3A11-B635-4B02-9829-F93F52B8BA8C}.Debug|Win32.ActiveCfg = Debug|Win32
		{66FB3A11-B635-4B02-9829-F93F52B8BA8C}.Debug|Win32.Build.0 = Debug|Win32
		{66FB3A11-B635-4B02-9829-F93F52B8BA8C}.Release|Win32.ActiveCfg = Release|Win32
		{66FB3A11-B635-4B02-9829-F93F52B8BA8C}.Release|Win32.Build.0 = Release|Win32
	EndGlobalSection
	GlobalSection(SolutionProperties) = preSolution
		HideSolutionNode = FALSE
	EndGlobalSection
EndGlobal
