
Microsoft Visual Studio Solution File, Format Version 12.00
# Visual Studio Version 16
VisualStudioVersion = 16.0.28803.202
MinimumVisualStudioVersion = 10.0.40219.1
Project("{8BC9CEB8-8B4A-11D0-8D11-00A0C91BC942}") = "CWindow", "CWindow\CWindow.vcxproj", "{32B52F29-8AB8-4EF4-8B9F-77B8D1A6526A}"
EndProject
Global
	GlobalSection(SolutionConfigurationPlatforms) = preSolution
		Debug|x64 = Debug|x64
		Debug|x86 = Debug|x86
		Release|x64 = Release|x64
		Release|x86 = Release|x86
	EndGlobalSection
	GlobalSection(ProjectConfigurationPlatforms) = postSolution
		{32B52F29-8AB8-4EF4-8B9F-77B8D1A6526A}.Debug|x64.ActiveCfg = Debug|x64
		{32B52F29-8AB8-4EF4-8B9F-77B8D1A6526A}.Debug|x64.Build.0 = Debug|x64
		{32B52F29-8AB8-4EF4-8B9F-77B8D1A6526A}.Debug|x86.ActiveCfg = Debug|Win32
		{32B52F29-8AB8-4EF4-8B9F-77B8D1A6526A}.Debug|x86.Build.0 = Debug|Win32
		{32B52F29-8AB8-4EF4-8B9F-77B8D1A6526A}.Release|x64.ActiveCfg = Release|x64
		{32B52F29-8AB8-4EF4-8B9F-77B8D1A6526A}.Release|x64.Build.0 = Release|x64
		{32B52F29-8AB8-4EF4-8B9F-77B8D1A6526A}.Release|x86.ActiveCfg = Release|Win32
		{32B52F29-8AB8-4EF4-8B9F-77B8D1A6526A}.Release|x86.Build.0 = Release|Win32
	EndGlobalSection
	GlobalSection(SolutionProperties) = preSolution
		HideSolutionNode = FALSE
	EndGlobalSection
	GlobalSection(ExtensibilityGlobals) = postSolution
		SolutionGuid = {898431E5-DC7E-459D-B01B-3FAC5F18CAF0}
	EndGlobalSection
EndGlobal
