
Microsoft Visual Studio Solution File, Format Version 9.00
# Visual Studio 2005
Project("{8BC9CEB8-8B4A-11D0-8D11-00A0C91BC942}") = "CWindow", "CWindow\CWindow.vcproj", "{B1FBE8AD-4D3D-47AF-9EBB-996B00A30895}"
EndProject
Global
	GlobalSection(SolutionConfigurationPlatforms) = preSolution
		Debug|Win32 = Debug|Win32
		Release|Win32 = Release|Win32
	EndGlobalSection
	GlobalSection(ProjectConfigurationPlatforms) = postSolution
		{B1FBE8AD-4D3D-47AF-9EBB-996B00A30895}.Debug|Win32.ActiveCfg = Debug|Win32
		{B1FBE8AD-4D3D-47AF-9EBB-996B00A30895}.Debug|Win32.Build.0 = Debug|Win32
		{B1FBE8AD-4D3D-47AF-9EBB-996B00A30895}.Release|Win32.ActiveCfg = Release|Win32
		{B1FBE8AD-4D3D-47AF-9EBB-996B00A30895}.Release|Win32.Build.0 = Release|Win32
	EndGlobalSection
	GlobalSection(SolutionProperties) = preSolution
		HideSolutionNode = FALSE
	EndGlobalSection
EndGlobal
