
Microsoft Visual Studio Solution File, Format Version 9.00
# Visual Studio 2005
Project("{8BC9CEB8-8B4A-11D0-8D11-00A0C91BC942}") = "write_file_bom_utf16le", "write_file_bom_utf16le\write_file_bom_utf16le.vcproj", "{90A2C7F0-5A29-4B99-B22B-F8A81B70FB58}"
EndProject
Global
	GlobalSection(SolutionConfigurationPlatforms) = preSolution
		Debug|Win32 = Debug|Win32
		Release|Win32 = Release|Win32
	EndGlobalSection
	GlobalSection(ProjectConfigurationPlatforms) = postSolution
		{90A2C7F0-5A29-4B99-B22B-F8A81B70FB58}.Debug|Win32.ActiveCfg = Debug|Win32
		{90A2C7F0-5A29-4B99-B22B-F8A81B70FB58}.Debug|Win32.Build.0 = Debug|Win32
		{90A2C7F0-5A29-4B99-B22B-F8A81B70FB58}.Release|Win32.ActiveCfg = Release|Win32
		{90A2C7F0-5A29-4B99-B22B-F8A81B70FB58}.Release|Win32.Build.0 = Release|Win32
	EndGlobalSection
	GlobalSection(SolutionProperties) = preSolution
		HideSolutionNode = FALSE
	EndGlobalSection
EndGlobal
