
Microsoft Visual Studio Solution File, Format Version 9.00
# Visual Studio 2005
Project("{8BC9CEB8-8B4A-11D0-8D11-00A0C91BC942}") = "swap_2bytes", "swap_2bytes\swap_2bytes.vcproj", "{E2A05CDA-5E38-44DE-A819-171E478BB4C9}"
EndProject
Global
	GlobalSection(SolutionConfigurationPlatforms) = preSolution
		Debug|Win32 = Debug|Win32
		Release|Win32 = Release|Win32
	EndGlobalSection
	GlobalSection(ProjectConfigurationPlatforms) = postSolution
		{E2A05CDA-5E38-44DE-A819-171E478BB4C9}.Debug|Win32.ActiveCfg = Debug|Win32
		{E2A05CDA-5E38-44DE-A819-171E478BB4C9}.Debug|Win32.Build.0 = Debug|Win32
		{E2A05CDA-5E38-44DE-A819-171E478BB4C9}.Release|Win32.ActiveCfg = Release|Win32
		{E2A05CDA-5E38-44DE-A819-171E478BB4C9}.Release|Win32.Build.0 = Release|Win32
	EndGlobalSection
	GlobalSection(SolutionProperties) = preSolution
		HideSolutionNode = FALSE
	EndGlobalSection
EndGlobal
