
Microsoft Visual Studio Solution File, Format Version 12.00
# Visual Studio Version 16
VisualStudioVersion = 16.0.32126.315
MinimumVisualStudioVersion = 10.0.40219.1
Project("{8BC9CEB8-8B4A-11D0-8D11-00A0C91BC942}") = "CUserControl", "CUserControl\CUserControl.vcxproj", "{06F6CEDA-5377-451C-84B9-BAB594BF276E}"
EndProject
Global
	GlobalSection(SolutionConfigurationPlatforms) = preSolution
		Debug|x64 = Debug|x64
		Debug|x86 = Debug|x86
		Release|x64 = Release|x64
		Release|x86 = Release|x86
	EndGlobalSection
	GlobalSection(ProjectConfigurationPlatforms) = postSolution
		{06F6CEDA-5377-451C-84B9-BAB594BF276E}.Debug|x64.ActiveCfg = Debug|x64
		{06F6CEDA-5377-451C-84B9-BAB594BF276E}.Debug|x64.Build.0 = Debug|x64
		{06F6CEDA-5377-451C-84B9-BAB594BF276E}.Debug|x86.ActiveCfg = Debug|Win32
		{06F6CEDA-5377-451C-84B9-BAB594BF276E}.Debug|x86.Build.0 = Debug|Win32
		{06F6CEDA-5377-451C-84B9-BAB594BF276E}.Release|x64.ActiveCfg = Release|x64
		{06F6CEDA-5377-451C-84B9-BAB594BF276E}.Release|x64.Build.0 = Release|x64
		{06F6CEDA-5377-451C-84B9-BAB594BF276E}.Release|x86.ActiveCfg = Release|Win32
		{06F6CEDA-5377-451C-84B9-BAB594BF276E}.Release|x86.Build.0 = Release|Win32
	EndGlobalSection
	GlobalSection(SolutionProperties) = preSolution
		HideSolutionNode = FALSE
	EndGlobalSection
	GlobalSection(ExtensibilityGlobals) = postSolution
		SolutionGuid = {4C4D5022-7839-4D4D-8153-6A44AAE1FEB5}
	EndGlobalSection
EndGlobal
