
Microsoft Visual Studio Solution File, Format Version 12.00
# Visual Studio Version 16
VisualStudioVersion = 16.0.32126.315
MinimumVisualStudioVersion = 10.0.40219.1
Project("{8BC9CEB8-8B4A-11D0-8D11-00A0C91BC942}") = "CWindow", "CWindow\CWindow.vcxproj", "{08CF452D-BD5D-4CD7-8DDD-879E50FC8D56}"
EndProject
Global
	GlobalSection(SolutionConfigurationPlatforms) = preSolution
		Debug|x64 = Debug|x64
		Debug|x86 = Debug|x86
		Release|x64 = Release|x64
		Release|x86 = Release|x86
	EndGlobalSection
	GlobalSection(ProjectConfigurationPlatforms) = postSolution
		{08CF452D-BD5D-4CD7-8DDD-879E50FC8D56}.Debug|x64.ActiveCfg = Debug|x64
		{08CF452D-BD5D-4CD7-8DDD-879E50FC8D56}.Debug|x64.Build.0 = Debug|x64
		{08CF452D-BD5D-4CD7-8DDD-879E50FC8D56}.Debug|x86.ActiveCfg = Debug|Win32
		{08CF452D-BD5D-4CD7-8DDD-879E50FC8D56}.Debug|x86.Build.0 = Debug|Win32
		{08CF452D-BD5D-4CD7-8DDD-879E50FC8D56}.Release|x64.ActiveCfg = Release|x64
		{08CF452D-BD5D-4CD7-8DDD-879E50FC8D56}.Release|x64.Build.0 = Release|x64
		{08CF452D-BD5D-4CD7-8DDD-879E50FC8D56}.Release|x86.ActiveCfg = Release|Win32
		{08CF452D-BD5D-4CD7-8DDD-879E50FC8D56}.Release|x86.Build.0 = Release|Win32
	EndGlobalSection
	GlobalSection(SolutionProperties) = preSolution
		HideSolutionNode = FALSE
	EndGlobalSection
	GlobalSection(ExtensibilityGlobals) = postSolution
		SolutionGuid = {D25158C8-BDB0-4E00-BE6E-DC8426892F6A}
	EndGlobalSection
EndGlobal
