
Microsoft Visual Studio Solution File, Format Version 9.00
# Visual Studio 2005
Project("{8BC9CEB8-8B4A-11D0-8D11-00A0C91BC942}") = "convert_endian_16bit_byte_array", "convert_endian_16bit_byte_array\convert_endian_16bit_byte_array.vcproj", "{F3EDF148-E2A9-4208-8576-14637AE170FC}"
EndProject
Global
	GlobalSection(SolutionConfigurationPlatforms) = preSolution
		Debug|Win32 = Debug|Win32
		Release|Win32 = Release|Win32
	EndGlobalSection
	GlobalSection(ProjectConfigurationPlatforms) = postSolution
		{F3EDF148-E2A9-4208-8576-14637AE170FC}.Debug|Win32.ActiveCfg = Debug|Win32
		{F3EDF148-E2A9-4208-8576-14637AE170FC}.Debug|Win32.Build.0 = Debug|Win32
		{F3EDF148-E2A9-4208-8576-14637AE170FC}.Release|Win32.ActiveCfg = Release|Win32
		{F3EDF148-E2A9-4208-8576-14637AE170FC}.Release|Win32.Build.0 = Release|Win32
	EndGlobalSection
	GlobalSection(SolutionProperties) = preSolution
		HideSolutionNode = FALSE
	EndGlobalSection
EndGlobal
