
Microsoft Visual Studio Solution File, Format Version 9.00
# Visual Studio 2005
Project("{8BC9CEB8-8B4A-11D0-8D11-00A0C91BC942}") = "replace_byte_all", "replace_byte_all\replace_byte_all.vcproj", "{3D9C28F0-A943-4DD4-B5B0-7785BA18890A}"
EndProject
Global
	GlobalSection(SolutionConfigurationPlatforms) = preSolution
		Debug|Win32 = Debug|Win32
		Release|Win32 = Release|Win32
	EndGlobalSection
	GlobalSection(ProjectConfigurationPlatforms) = postSolution
		{3D9C28F0-A943-4DD4-B5B0-7785BA18890A}.Debug|Win32.ActiveCfg = Debug|Win32
		{3D9C28F0-A943-4DD4-B5B0-7785BA18890A}.Debug|Win32.Build.0 = Debug|Win32
		{3D9C28F0-A943-4DD4-B5B0-7785BA18890A}.Release|Win32.ActiveCfg = Release|Win32
		{3D9C28F0-A943-4DD4-B5B0-7785BA18890A}.Release|Win32.Build.0 = Release|Win32
	EndGlobalSection
	GlobalSection(SolutionProperties) = preSolution
		HideSolutionNode = FALSE
	EndGlobalSection
EndGlobal
