
Microsoft Visual Studio Solution File, Format Version 12.00
# Visual Studio Version 16
VisualStudioVersion = 16.0.32126.315
MinimumVisualStudioVersion = 10.0.40219.1
Project("{8BC9CEB8-8B4A-11D0-8D11-00A0C91BC942}") = "write_file_binary_cstdio", "write_file_binary_cstdio\write_file_binary_cstdio.vcxproj", "{B60E7398-3AD4-49D9-95A6-FAB2C3D5CE2E}"
EndProject
Global
	GlobalSection(SolutionConfigurationPlatforms) = preSolution
		Debug|x64 = Debug|x64
		Debug|x86 = Debug|x86
		Release|x64 = Release|x64
		Release|x86 = Release|x86
	EndGlobalSection
	GlobalSection(ProjectConfigurationPlatforms) = postSolution
		{B60E7398-3AD4-49D9-95A6-FAB2C3D5CE2E}.Debug|x64.ActiveCfg = Debug|x64
		{B60E7398-3AD4-49D9-95A6-FAB2C3D5CE2E}.Debug|x64.Build.0 = Debug|x64
		{B60E7398-3AD4-49D9-95A6-FAB2C3D5CE2E}.Debug|x86.ActiveCfg = Debug|Win32
		{B60E7398-3AD4-49D9-95A6-FAB2C3D5CE2E}.Debug|x86.Build.0 = Debug|Win32
		{B60E7398-3AD4-49D9-95A6-FAB2C3D5CE2E}.Release|x64.ActiveCfg = Release|x64
		{B60E7398-3AD4-49D9-95A6-FAB2C3D5CE2E}.Release|x64.Build.0 = Release|x64
		{B60E7398-3AD4-49D9-95A6-FAB2C3D5CE2E}.Release|x86.ActiveCfg = Release|Win32
		{B60E7398-3AD4-49D9-95A6-FAB2C3D5CE2E}.Release|x86.Build.0 = Release|Win32
	EndGlobalSection
	GlobalSection(SolutionProperties) = preSolution
		HideSolutionNode = FALSE
	EndGlobalSection
	GlobalSection(ExtensibilityGlobals) = postSolution
		SolutionGuid = {6CE34461-2F51-4465-B49C-3C0BE9F92AE4}
	EndGlobalSection
EndGlobal
