
Microsoft Visual Studio Solution File, Format Version 9.00
# Visual Studio 2005
Project("{8BC9CEB8-8B4A-11D0-8D11-00A0C91BC942}") = "replace_byte_all", "replace_byte_all\replace_byte_all.vcproj", "{1A4713F4-C505-472A-81E7-D7B5AC57E84B}"
EndProject
Global
	GlobalSection(SolutionConfigurationPlatforms) = preSolution
		Debug|Win32 = Debug|Win32
		Release|Win32 = Release|Win32
	EndGlobalSection
	GlobalSection(ProjectConfigurationPlatforms) = postSolution
		{1A4713F4-C505-472A-81E7-D7B5AC57E84B}.Debug|Win32.ActiveCfg = Debug|Win32
		{1A4713F4-C505-472A-81E7-D7B5AC57E84B}.Debug|Win32.Build.0 = Debug|Win32
		{1A4713F4-C505-472A-81E7-D7B5AC57E84B}.Release|Win32.ActiveCfg = Release|Win32
		{1A4713F4-C505-472A-81E7-D7B5AC57E84B}.Release|Win32.Build.0 = Release|Win32
	EndGlobalSection
	GlobalSection(SolutionProperties) = preSolution
		HideSolutionNode = FALSE
	EndGlobalSection
EndGlobal
