
Microsoft Visual Studio Solution File, Format Version 12.00
# Visual Studio Version 16
VisualStudioVersion = 16.0.32126.315
MinimumVisualStudioVersion = 10.0.40219.1
Project("{8BC9CEB8-8B4A-11D0-8D11-00A0C91BC942}") = "CDIBSection", "CDIBSection\CDIBSection.vcxproj", "{779E5876-E9A9-437D-9F9A-237E34030BBC}"
EndProject
Global
	GlobalSection(SolutionConfigurationPlatforms) = preSolution
		Debug|x64 = Debug|x64
		Debug|x86 = Debug|x86
		Release|x64 = Release|x64
		Release|x86 = Release|x86
	EndGlobalSection
	GlobalSection(ProjectConfigurationPlatforms) = postSolution
		{779E5876-E9A9-437D-9F9A-237E34030BBC}.Debug|x64.ActiveCfg = Debug|x64
		{779E5876-E9A9-437D-9F9A-237E34030BBC}.Debug|x64.Build.0 = Debug|x64
		{779E5876-E9A9-437D-9F9A-237E34030BBC}.Debug|x86.ActiveCfg = Debug|Win32
		{779E5876-E9A9-437D-9F9A-237E34030BBC}.Debug|x86.Build.0 = Debug|Win32
		{779E5876-E9A9-437D-9F9A-237E34030BBC}.Release|x64.ActiveCfg = Release|x64
		{779E5876-E9A9-437D-9F9A-237E34030BBC}.Release|x64.Build.0 = Release|x64
		{779E5876-E9A9-437D-9F9A-237E34030BBC}.Release|x86.ActiveCfg = Release|Win32
		{779E5876-E9A9-437D-9F9A-237E34030BBC}.Release|x86.Build.0 = Release|Win32
	EndGlobalSection
	GlobalSection(SolutionProperties) = preSolution
		HideSolutionNode = FALSE
	EndGlobalSection
	GlobalSection(ExtensibilityGlobals) = postSolution
		SolutionGuid = {2A12D0F4-F4BD-4D39-9CF2-6C70154D701B}
	EndGlobalSection
EndGlobal
