
Microsoft Visual Studio Solution File, Format Version 12.00
# Visual Studio Version 16
VisualStudioVersion = 16.0.32126.315
MinimumVisualStudioVersion = 10.0.40219.1
Project("{8BC9CEB8-8B4A-11D0-8D11-00A0C91BC942}") = "CFileDialog", "CFileDialog\CFileDialog.vcxproj", "{69ADD58F-7482-4CD6-BDA9-6CDF2EC0CC33}"
EndProject
Global
	GlobalSection(SolutionConfigurationPlatforms) = preSolution
		Debug|x64 = Debug|x64
		Debug|x86 = Debug|x86
		Release|x64 = Release|x64
		Release|x86 = Release|x86
	EndGlobalSection
	GlobalSection(ProjectConfigurationPlatforms) = postSolution
		{69ADD58F-7482-4CD6-BDA9-6CDF2EC0CC33}.Debug|x64.ActiveCfg = Debug|x64
		{69ADD58F-7482-4CD6-BDA9-6CDF2EC0CC33}.Debug|x64.Build.0 = Debug|x64
		{69ADD58F-7482-4CD6-BDA9-6CDF2EC0CC33}.Debug|x86.ActiveCfg = Debug|Win32
		{69ADD58F-7482-4CD6-BDA9-6CDF2EC0CC33}.Debug|x86.Build.0 = Debug|Win32
		{69ADD58F-7482-4CD6-BDA9-6CDF2EC0CC33}.Release|x64.ActiveCfg = Release|x64
		{69ADD58F-7482-4CD6-BDA9-6CDF2EC0CC33}.Release|x64.Build.0 = Release|x64
		{69ADD58F-7482-4CD6-BDA9-6CDF2EC0CC33}.Release|x86.ActiveCfg = Release|Win32
		{69ADD58F-7482-4CD6-BDA9-6CDF2EC0CC33}.Release|x86.Build.0 = Release|Win32
	EndGlobalSection
	GlobalSection(SolutionProperties) = preSolution
		HideSolutionNode = FALSE
	EndGlobalSection
	GlobalSection(ExtensibilityGlobals) = postSolution
		SolutionGuid = {F4DC0587-9655-43BA-A310-004BBD540502}
	EndGlobalSection
EndGlobal
